PODS:
  - FastMath (2.2.0)
  - Pippin/Extensions (12.1.0)

DEPENDENCIES:
  - FastMath
  - Pippin/Extensions

SPEC REPOS:
  https://github.com/cocoapods/specs.git:
    - FastMath
    - Pippin

SPEC CHECKSUMS:
  FastMath: 37e000f36e8c982a942a933ea6c4d02f63f6d55e
  Pippin: 7a3eb4670d60ac629ead2e133e47930d72cec784

PODFILE CHECKSUM: 8a4302747566fd6a23b454f2f8f35ea5145df76e

COCOAPODS: 1.5.3
